<?xml version="1.0" encoding="utf-8"?>
<Project ToolsVersion="4.0" xmlns="http://schemas.microsoft.com/developer/msbuild/2003">
  <ItemGroup>
    <ClCompile Include="src\testApp.cpp">
      <Filter>src</Filter>
    </ClCompile>
    <ClCompile Include="src\main.cpp">
      <Filter>src</Filter>
    </ClCompile>
    <ClCompile Include="src\gameManager.cpp">
      <Filter>src\Game</Filter>
    </ClCompile>
    <ClCompile Include="src\gameState.cpp">
      <Filter>src\Game</Filter>
    </ClCompile>
    <ClCompile Include="src\splashscreenState.cpp">
      <Filter>src\Game</Filter>
    </ClCompile>
    <ClCompile Include="src\playState.cpp">
      <Filter>src\Game</Filter>
    </ClCompile>
    <ClCompile Include="src\explosion.cpp">
      <Filter>src\Game\Agents</Filter>
    </ClCompile>
    <ClCompile Include="src\button.cpp">
      <Filter>src\Game\Agents</Filter>
    </ClCompile>
    <ClCompile Include="src\sea.cpp">
      <Filter>src\Game\Agents</Filter>
    </ClCompile>
    <ClCompile Include="src\ship.cpp">
      <Filter>src\Game\Agents</Filter>
    </ClCompile>
    <ClCompile Include="src\island.cpp">
      <Filter>src\Game\Agents</Filter>
    </ClCompile>
    <ClCompile Include="..\..\..\addons\ofxXmlSettings\src\ofxXmlSettings.cpp">
      <Filter>addons\ofxXmlSettings\src</Filter>
    </ClCompile>
    <ClCompile Include="..\..\..\addons\ofxXmlSettings\libs\tinyxml.cpp">
      <Filter>addons\ofxXmlSettings\libs</Filter>
    </ClCompile>
    <ClCompile Include="..\..\..\addons\ofxXmlSettings\libs\tinyxmlerror.cpp">
      <Filter>addons\ofxXmlSettings\libs</Filter>
    </ClCompile>
    <ClCompile Include="..\..\..\addons\ofxXmlSettings\libs\tinyxmlparser.cpp">
      <Filter>addons\ofxXmlSettings\libs</Filter>
    </ClCompile>
    <ClCompile Include="src\plane.cpp">
      <Filter>src\Game\Agents</Filter>
    </ClCompile>
    <ClCompile Include="src\highscoresState.cpp">
      <Filter>src\Game</Filter>
    </ClCompile>
    <ClCompile Include="src\tutorialState.cpp">
      <Filter>src\Game</Filter>
    </ClCompile>
  </ItemGroup>
  <ItemGroup>
    <Filter Include="src">
      <UniqueIdentifier>{d8376475-7454-4a24-b08a-aac121d3ad6f}</UniqueIdentifier>
    </Filter>
    <Filter Include="src\Game">
      <UniqueIdentifier>{e825eab6-c6ec-43f8-ad00-b91419c200a3}</UniqueIdentifier>
    </Filter>
    <Filter Include="src\Game\Agents">
      <UniqueIdentifier>{6990d3c0-8af7-4b41-addb-cf4f56217f35}</UniqueIdentifier>
    </Filter>
    <Filter Include="addons">
      <UniqueIdentifier>{d181b763-7486-4875-b856-646b07886c89}</UniqueIdentifier>
    </Filter>
    <Filter Include="addons\ofxXmlSettings">
      <UniqueIdentifier>{f18203c9-0eed-4afc-a2ed-93fbab189a68}</UniqueIdentifier>
    </Filter>
    <Filter Include="addons\ofxXmlSettings\libs">
      <UniqueIdentifier>{341a2231-0eeb-4291-af36-eb89cf2f1e28}</UniqueIdentifier>
    </Filter>
    <Filter Include="addons\ofxXmlSettings\src">
      <UniqueIdentifier>{c6d69b79-91e4-43c4-8fb3-16363b4f8ffb}</UniqueIdentifier>
    </Filter>
  </ItemGroup>
  <ItemGroup>
    <ClInclude Include="src\testApp.h">
      <Filter>src</Filter>
    </ClInclude>
    <ClInclude Include="src\gameState.h">
      <Filter>src\Game</Filter>
    </ClInclude>
    <ClInclude Include="src\gameManager.h">
      <Filter>src\Game</Filter>
    </ClInclude>
    <ClInclude Include="src\splashscreenState.h">
      <Filter>src\Game</Filter>
    </ClInclude>
    <ClInclude Include="src\playState.h">
      <Filter>src\Game</Filter>
    </ClInclude>
    <ClInclude Include="src\explosion.h">
      <Filter>src\Game\Agents</Filter>
    </ClInclude>
    <ClInclude Include="src\button.h">
      <Filter>src\Game\Agents</Filter>
    </ClInclude>
    <ClInclude Include="src\ship.h">
      <Filter>src\Game\Agents</Filter>
    </ClInclude>
    <ClInclude Include="src\sea.h">
      <Filter>src\Game\Agents</Filter>
    </ClInclude>
    <ClInclude Include="src\island.h">
      <Filter>src\Game\Agents</Filter>
    </ClInclude>
    <ClInclude Include="..\..\..\addons\ofxXmlSettings\src\ofxXmlSettings.h">
      <Filter>addons\ofxXmlSettings\src</Filter>
    </ClInclude>
    <ClInclude Include="..\..\..\addons\ofxXmlSettings\libs\tinyxml.h">
      <Filter>addons\ofxXmlSettings\libs</Filter>
    </ClInclude>
    <ClInclude Include="src\plane.h">
      <Filter>src\Game\Agents</Filter>
    </ClInclude>
    <ClInclude Include="src\highscoresState.h">
      <Filter>src\Game</Filter>
    </ClInclude>
    <ClInclude Include="src\tutorialState.h">
      <Filter>src\Game</Filter>
    </ClInclude>
  </ItemGroup>
</Project>